// !$*UTF8*$!
{
	archiveVersion = 1;
	classes = {
	};
	objectVersion = 56;
	objects = {

/* Begin PBXBuildFile section */
		78388D0F2BF2111C00524B5E /* AppInfoView.swift in Sources */ = {isa = PBXBuildFile; fileRef = 78388D0E2BF2111C00524B5E /* AppInfoView.swift */; };
		789454E42BEF74FE0058BEBD /* temp_diffApp.swift in Sources */ = {isa = PBXBuildFile; fileRef = 789454E32BEF74FE0058BEBD /* temp_diffApp.swift */; };
		789454E62BEF74FE0058BEBD /* ContentView.swift in Sources */ = {isa = PBXBuildFile; fileRef = 789454E52BEF74FE0058BEBD /* ContentView.swift */; };
		789454E82BEF75000058BEBD /* Assets.xcassets in Resources */ = {isa = PBXBuildFile; fileRef = 789454E72BEF75000058BEBD /* Assets.xcassets */; };
		789454EB2BEF75000058BEBD /* Preview Assets.xcassets in Resources */ = {isa = PBXBuildFile; fileRef = 789454EA2BEF75000058BEBD /* Preview Assets.xcassets */; };
		789454F82BEF75530058BEBD /* WeatherIndicatorView.swift in Sources */ = {isa = PBXBuildFile; fileRef = 789454F22BEF75530058BEBD /* WeatherIndicatorView.swift */; };
		789454F92BEF75530058BEBD /* AdView.swift in Sources */ = {isa = PBXBuildFile; fileRef = 789454F32BEF75530058BEBD /* AdView.swift */; };
		789454FA2BEF75530058BEBD /* TopBarView.swift in Sources */ = {isa = PBXBuildFile; fileRef = 789454F42BEF75530058BEBD /* TopBarView.swift */; };
		789454FB2BEF75530058BEBD /* HourlyForecastScrollView.swift in Sources */ = {isa = PBXBuildFile; fileRef = 789454F52BEF75530058BEBD /* HourlyForecastScrollView.swift */; };
		789454FD2BEF75530058BEBD /* CurrentTempView.swift in Sources */ = {isa = PBXBuildFile; fileRef = 789454F72BEF75530058BEBD /* CurrentTempView.swift */; };
		789455012BEF75620058BEBD /* LocationDataManager.swift in Sources */ = {isa = PBXBuildFile; fileRef = 789454FE2BEF75620058BEBD /* LocationDataManager.swift */; };
		789455022BEF75620058BEBD /* WeatherKitManager.swift in Sources */ = {isa = PBXBuildFile; fileRef = 789454FF2BEF75620058BEBD /* WeatherKitManager.swift */; };
		789455062BEF756D0058BEBD /* WeatherForecast.swift in Sources */ = {isa = PBXBuildFile; fileRef = 789455032BEF756D0058BEBD /* WeatherForecast.swift */; };
		789455072BEF756D0058BEBD /* WeatherInfo.swift in Sources */ = {isa = PBXBuildFile; fileRef = 789455042BEF756D0058BEBD /* WeatherInfo.swift */; };
		78A374442BEF96EB00D6CAED /* Localizable.strings in Resources */ = {isa = PBXBuildFile; fileRef = 78A374422BEF96EB00D6CAED /* Localizable.strings */; };
		78A374482BEF97A200D6CAED /* InfoPlist.strings in Resources */ = {isa = PBXBuildFile; fileRef = 78A374462BEF97A200D6CAED /* InfoPlist.strings */; };
		9DF9F658080CDF4316F0B9F0 /* Pods_temp_diff.framework in Frameworks */ = {isa = PBXBuildFile; fileRef = E7E2DEE01CF5CAB8CB07853E /* Pods_temp_diff.framework */; };
/* End PBXBuildFile section */

/* Begin PBXFileReference section */
		78388D0E2BF2111C00524B5E /* AppInfoView.swift */ = {isa = PBXFileReference; lastKnownFileType = sourcecode.swift; path = AppInfoView.swift; sourceTree = "<group>"; };
		788D27B82BEF839200D5373F /* Info.plist */ = {isa = PBXFileReference; lastKnownFileType = text.plist; path = Info.plist; sourceTree = "<group>"; };
		788D27B92BEF855200D5373F /* temp-diff.entitlements */ = {isa = PBXFileReference; lastKnownFileType = text.plist.entitlements; path = "temp-diff.entitlements"; sourceTree = "<group>"; };
		789454E02BEF74FE0058BEBD /* temp-diff.app */ = {isa = PBXFileReference; explicitFileType = wrapper.application; includeInIndex = 0; path = "temp-diff.app"; sourceTree = BUILT_PRODUCTS_DIR; };
		789454E32BEF74FE0058BEBD /* temp_diffApp.swift */ = {isa = PBXFileReference; lastKnownFileType = sourcecode.swift; path = temp_diffApp.swift; sourceTree = "<group>"; };
		789454E52BEF74FE0058BEBD /* ContentView.swift */ = {isa = PBXFileReference; lastKnownFileType = sourcecode.swift; path = ContentView.swift; sourceTree = "<group>"; };
		789454E72BEF75000058BEBD /* Assets.xcassets */ = {isa = PBXFileReference; lastKnownFileType = folder.assetcatalog; path = Assets.xcassets; sourceTree = "<group>"; };
		789454EA2BEF75000058BEBD /* Preview Assets.xcassets */ = {isa = PBXFileReference; lastKnownFileType = folder.assetcatalog; path = "Preview Assets.xcassets"; sourceTree = "<group>"; };
		789454F22BEF75530058BEBD /* WeatherIndicatorView.swift */ = {isa = PBXFileReference; fileEncoding = 4; lastKnownFileType = sourcecode.swift; path = WeatherIndicatorView.swift; sourceTree = "<group>"; };
		789454F32BEF75530058BEBD /* AdView.swift */ = {isa = PBXFileReference; fileEncoding = 4; lastKnownFileType = sourcecode.swift; path = AdView.swift; sourceTree = "<group>"; };
		789454F42BEF75530058BEBD /* TopBarView.swift */ = {isa = PBXFileReference; fileEncoding = 4; lastKnownFileType = sourcecode.swift; path = TopBarView.swift; sourceTree = "<group>"; };
		789454F52BEF75530058BEBD /* HourlyForecastScrollView.swift */ = {isa = PBXFileReference; fileEncoding = 4; lastKnownFileType = sourcecode.swift; path = HourlyForecastScrollView.swift; sourceTree = "<group>"; };
		789454F72BEF75530058BEBD /* CurrentTempView.swift */ = {isa = PBXFileReference; fileEncoding = 4; lastKnownFileType = sourcecode.swift; path = CurrentTempView.swift; sourceTree = "<group>"; };
		789454FE2BEF75620058BEBD /* LocationDataManager.swift */ = {isa = PBXFileReference; fileEncoding = 4; lastKnownFileType = sourcecode.swift; path = LocationDataManager.swift; sourceTree = "<group>"; };
		789454FF2BEF75620058BEBD /* WeatherKitManager.swift */ = {isa = PBXFileReference; fileEncoding = 4; lastKnownFileType = sourcecode.swift; path = WeatherKitManager.swift; sourceTree = "<group>"; };
		789455032BEF756D0058BEBD /* WeatherForecast.swift */ = {isa = PBXFileReference; fileEncoding = 4; lastKnownFileType = sourcecode.swift; path = WeatherForecast.swift; sourceTree = "<group>"; };
		789455042BEF756D0058BEBD /* WeatherInfo.swift */ = {isa = PBXFileReference; fileEncoding = 4; lastKnownFileType = sourcecode.swift; path = WeatherInfo.swift; sourceTree = "<group>"; };
		78A374432BEF96EB00D6CAED /* en */ = {isa = PBXFileReference; lastKnownFileType = text.plist.strings; name = en; path = en.lproj/Localizable.strings; sourceTree = "<group>"; };
		78A374472BEF97A200D6CAED /* en */ = {isa = PBXFileReference; lastKnownFileType = text.plist.strings; name = en; path = en.lproj/InfoPlist.strings; sourceTree = "<group>"; };
		78A374492BEF985E00D6CAED /* ko */ = {isa = PBXFileReference; lastKnownFileType = text.plist.strings; name = ko; path = ko.lproj/Localizable.strings; sourceTree = "<group>"; };
		78A3744A2BEF985E00D6CAED /* ko */ = {isa = PBXFileReference; lastKnownFileType = text.plist.strings; name = ko; path = ko.lproj/InfoPlist.strings; sourceTree = "<group>"; };
		79FA2189C5742DE8AE59FBC8 /* Pods-temp-diff.debug.xcconfig */ = {isa = PBXFileReference; includeInIndex = 1; lastKnownFileType = text.xcconfig; name = "Pods-temp-diff.debug.xcconfig"; path = "Target Support Files/Pods-temp-diff/Pods-temp-diff.debug.xcconfig"; sourceTree = "<group>"; };
		A6B655BCDD72A79EA3B0CAE7 /* Pods-temp-diff.release.xcconfig */ = {isa = PBXFileReference; includeInIndex = 1; lastKnownFileType = text.xcconfig; name = "Pods-temp-diff.release.xcconfig"; path = "Target Support Files/Pods-temp-diff/Pods-temp-diff.release.xcconfig"; sourceTree = "<group>"; };
		E7E2DEE01CF5CAB8CB07853E /* Pods_temp_diff.framework */ = {isa = PBXFileReference; explicitFileType = wrapper.framework; includeInIndex = 0; path = Pods_temp_diff.framework; sourceTree = BUILT_PRODUCTS_DIR; };
/* End PBXFileReference section */

/* Begin PBXFrameworksBuildPhase section */
		789454DD2BEF74FE0058BEBD /* Frameworks */ = {
			isa = PBXFrameworksBuildPhase;
			buildActionMask = 2147483647;
			files = (
				9DF9F658080CDF4316F0B9F0 /* Pods_temp_diff.framework in Frameworks */,
			);
			runOnlyForDeploymentPostprocessing = 0;
		};
/* End PBXFrameworksBuildPhase section */

/* Begin PBXGroup section */
		0731C256542A2F2DB7108A34 /* Frameworks */ = {
			isa = PBXGroup;
			children = (
				E7E2DEE01CF5CAB8CB07853E /* Pods_temp_diff.framework */,
			);
			name = Frameworks;
			sourceTree = "<group>";
		};
		2E27330E434076629E29824B /* Pods */ = {
			isa = PBXGroup;
			children = (
				79FA2189C5742DE8AE59FBC8 /* Pods-temp-diff.debug.xcconfig */,
				A6B655BCDD72A79EA3B0CAE7 /* Pods-temp-diff.release.xcconfig */,
			);
			path = Pods;
			sourceTree = "<group>";
		};
		789454D72BEF74FE0058BEBD = {
			isa = PBXGroup;
			children = (
				789454E22BEF74FE0058BEBD /* temp-diff */,
				789454E12BEF74FE0058BEBD /* Products */,
				2E27330E434076629E29824B /* Pods */,
				0731C256542A2F2DB7108A34 /* Frameworks */,
			);
			sourceTree = "<group>";
		};
		789454E12BEF74FE0058BEBD /* Products */ = {
			isa = PBXGroup;
			children = (
				789454E02BEF74FE0058BEBD /* temp-diff.app */,
			);
			name = Products;
			sourceTree = "<group>";
		};
		789454E22BEF74FE0058BEBD /* temp-diff */ = {
			isa = PBXGroup;
			children = (
				788D27B92BEF855200D5373F /* temp-diff.entitlements */,
				788D27B82BEF839200D5373F /* Info.plist */,
				789455052BEF756D0058BEBD /* type */,
				789455002BEF75620058BEBD /* controllers */,
				789454F12BEF75310058BEBD /* view */,
				789454E32BEF74FE0058BEBD /* temp_diffApp.swift */,
				789454E52BEF74FE0058BEBD /* ContentView.swift */,
				789454E72BEF75000058BEBD /* Assets.xcassets */,
				789454E92BEF75000058BEBD /* Preview Content */,
				78A374422BEF96EB00D6CAED /* Localizable.strings */,
				78A374462BEF97A200D6CAED /* InfoPlist.strings */,
			);
			path = "temp-diff";
			sourceTree = "<group>";
		};
		789454E92BEF75000058BEBD /* Preview Content */ = {
			isa = PBXGroup;
			children = (
				789454EA2BEF75000058BEBD /* Preview Assets.xcassets */,
			);
			path = "Preview Content";
			sourceTree = "<group>";
		};
		789454F12BEF75310058BEBD /* view */ = {
			isa = PBXGroup;
			children = (
				789454F32BEF75530058BEBD /* AdView.swift */,
				789454F72BEF75530058BEBD /* CurrentTempView.swift */,
				789454F52BEF75530058BEBD /* HourlyForecastScrollView.swift */,
				789454F42BEF75530058BEBD /* TopBarView.swift */,
				789454F22BEF75530058BEBD /* WeatherIndicatorView.swift */,
				78388D0E2BF2111C00524B5E /* AppInfoView.swift */,
			);
			path = view;
			sourceTree = "<group>";
		};
		789455002BEF75620058BEBD /* controllers */ = {
			isa = PBXGroup;
			children = (
				789454FE2BEF75620058BEBD /* LocationDataManager.swift */,
				789454FF2BEF75620058BEBD /* WeatherKitManager.swift */,
			);
			path = controllers;
			sourceTree = "<group>";
		};
		789455052BEF756D0058BEBD /* type */ = {
			isa = PBXGroup;
			children = (
				789455032BEF756D0058BEBD /* WeatherForecast.swift */,
				789455042BEF756D0058BEBD /* WeatherInfo.swift */,
			);
			path = type;
			sourceTree = "<group>";
		};
/* End PBXGroup section */

/* Begin PBXNativeTarget section */
		789454DF2BEF74FE0058BEBD /* temp-diff */ = {
			isa = PBXNativeTarget;
			buildConfigurationList = 789454EE2BEF75000058BEBD /* Build configuration list for PBXNativeTarget "temp-diff" */;
			buildPhases = (
				10E51A921E8E3A4470AD71AB /* [CP] Check Pods Manifest.lock */,
				789454DC2BEF74FE0058BEBD /* Sources */,
				789454DD2BEF74FE0058BEBD /* Frameworks */,
				789454DE2BEF74FE0058BEBD /* Resources */,
				65AE0A21E47A5AE7DAE03EBE /* [CP] Copy Pods Resources */,
			);
			buildRules = (
			);
			dependencies = (
			);
			name = "temp-diff";
			productName = "temp-diff";
			productReference = 789454E02BEF74FE0058BEBD /* temp-diff.app */;
			productType = "com.apple.product-type.application";
		};
/* End PBXNativeTarget section */

/* Begin PBXProject section */
		789454D82BEF74FE0058BEBD /* Project object */ = {
			isa = PBXProject;
			attributes = {
				BuildIndependentTargetsInParallel = 1;
				LastSwiftUpdateCheck = 1530;
				LastUpgradeCheck = 1530;
				TargetAttributes = {
					789454DF2BEF74FE0058BEBD = {
						CreatedOnToolsVersion = 15.3;
					};
				};
			};
			buildConfigurationList = 789454DB2BEF74FE0058BEBD /* Build configuration list for PBXProject "temp-diff" */;
			compatibilityVersion = "Xcode 14.0";
			developmentRegion = en;
			hasScannedForEncodings = 0;
			knownRegions = (
				en,
				ko,
				Base,
			);
			mainGroup = 789454D72BEF74FE0058BEBD;
			productRefGroup = 789454E12BEF74FE0058BEBD /* Products */;
			projectDirPath = "";
			projectRoot = "";
			targets = (
				789454DF2BEF74FE0058BEBD /* temp-diff */,
			);
		};
/* End PBXProject section */

/* Begin PBXResourcesBuildPhase section */
		789454DE2BEF74FE0058BEBD /* Resources */ = {
			isa = PBXResourcesBuildPhase;
			buildActionMask = 2147483647;
			files = (
				789454EB2BEF75000058BEBD /* Preview Assets.xcassets in Resources */,
				78A374482BEF97A200D6CAED /* InfoPlist.strings in Resources */,
				78A374442BEF96EB00D6CAED /* Localizable.strings in Resources */,
				789454E82BEF75000058BEBD /* Assets.xcassets in Resources */,
			);
			runOnlyForDeploymentPostprocessing = 0;
		};
/* End PBXResourcesBuildPhase section */

/* Begin PBXShellScriptBuildPhase section */
		10E51A921E8E3A4470AD71AB /* [CP] Check Pods Manifest.lock */ = {
			isa = PBXShellScriptBuildPhase;
			buildActionMask = 2147483647;
			files = (
			);
			inputFileListPaths = (
			);
			inputPaths = (
				"${PODS_PODFILE_DIR_PATH}/Podfile.lock",
				"${PODS_ROOT}/Manifest.lock",
			);
			name = "[CP] Check Pods Manifest.lock";
			outputFileListPaths = (
			);
			outputPaths = (
				"$(DERIVED_FILE_DIR)/Pods-temp-diff-checkManifestLockResult.txt",
			);
			runOnlyForDeploymentPostprocessing = 0;
			shellPath = /bin/sh;
			shellScript = "diff \"${PODS_PODFILE_DIR_PATH}/Podfile.lock\" \"${PODS_ROOT}/Manifest.lock\" > /dev/null\nif [ $? != 0 ] ; then\n    # print error to STDERR\n    echo \"error: The sandbox is not in sync with the Podfile.lock. Run 'pod install' or update your CocoaPods installation.\" >&2\n    exit 1\nfi\n# This output is used by Xcode 'outputs' to avoid re-running this script phase.\necho \"SUCCESS\" > \"${SCRIPT_OUTPUT_FILE_0}\"\n";
			showEnvVarsInLog = 0;
		};
		65AE0A21E47A5AE7DAE03EBE /* [CP] Copy Pods Resources */ = {
			isa = PBXShellScriptBuildPhase;
			buildActionMask = 2147483647;
			files = (
			);
			inputFileListPaths = (
				"${PODS_ROOT}/Target Support Files/Pods-temp-diff/Pods-temp-diff-resources-${CONFIGURATION}-input-files.xcfilelist",
			);
			name = "[CP] Copy Pods Resources";
			outputFileListPaths = (
				"${PODS_ROOT}/Target Support Files/Pods-temp-diff/Pods-temp-diff-resources-${CONFIGURATION}-output-files.xcfilelist",
			);
			runOnlyForDeploymentPostprocessing = 0;
			shellPath = /bin/sh;
			shellScript = "\"${PODS_ROOT}/Target Support Files/Pods-temp-diff/Pods-temp-diff-resources.sh\"\n";
			showEnvVarsInLog = 0;
		};
/* End PBXShellScriptBuildPhase section */

/* Begin PBXSourcesBuildPhase section */
		789454DC2BEF74FE0058BEBD /* Sources */ = {
			isa = PBXSourcesBuildPhase;
			buildActionMask = 2147483647;
			files = (
				78388D0F2BF2111C00524B5E /* AppInfoView.swift in Sources */,
				789454FA2BEF75530058BEBD /* TopBarView.swift in Sources */,
				789455062BEF756D0058BEBD /* WeatherForecast.swift in Sources */,
				789454E62BEF74FE0058BEBD /* ContentView.swift in Sources */,
				789455072BEF756D0058BEBD /* WeatherInfo.swift in Sources */,
				789455012BEF75620058BEBD /* LocationDataManager.swift in Sources */,
				789454F82BEF75530058BEBD /* WeatherIndicatorView.swift in Sources */,
				789454FD2BEF75530058BEBD /* CurrentTempView.swift in Sources */,
				789455022BEF75620058BEBD /* WeatherKitManager.swift in Sources */,
				789454FB2BEF75530058BEBD /* HourlyForecastScrollView.swift in Sources */,
				789454E42BEF74FE0058BEBD /* temp_diffApp.swift in Sources */,
				789454F92BEF75530058BEBD /* AdView.swift in Sources */,
			);
			runOnlyForDeploymentPostprocessing = 0;
		};
/* End PBXSourcesBuildPhase section */

/* Begin PBXVariantGroup section */
		78A374422BEF96EB00D6CAED /* Localizable.strings */ = {
			isa = PBXVariantGroup;
			children = (
				78A374432BEF96EB00D6CAED /* en */,
				78A374492BEF985E00D6CAED /* ko */,
			);
			name = Localizable.strings;
			sourceTree = "<group>";
		};
		78A374462BEF97A200D6CAED /* InfoPlist.strings */ = {
			isa = PBXVariantGroup;
			children = (
				78A374472BEF97A200D6CAED /* en */,
				78A3744A2BEF985E00D6CAED /* ko */,
			);
			name = InfoPlist.strings;
			sourceTree = "<group>";
		};
/* End PBXVariantGroup section */

/* Begin XCBuildConfiguration section */
		789454EC2BEF75000058BEBD /* Debug */ = {
			isa = XCBuildConfiguration;
			buildSettings = {
				ALWAYS_SEARCH_USER_PATHS = NO;
				ASSETCATALOG_COMPILER_GENERATE_SWIFT_ASSET_SYMBOL_EXTENSIONS = YES;
				CLANG_ANALYZER_LOCALIZABILITY_NONLOCALIZED = YES;
				CLANG_ANALYZER_NONNULL = YES;
				CLANG_ANALYZER_NUMBER_OBJECT_CONVERSION = YES_AGGRESSIVE;
				CLANG_CXX_LANGUAGE_STANDARD = "gnu++20";
				CLANG_ENABLE_MODULES = YES;
				CLANG_ENABLE_OBJC_ARC = YES;
				CLANG_ENABLE_OBJC_WEAK = YES;
				CLANG_WARN_BLOCK_CAPTURE_AUTORELEASING = YES;
				CLANG_WARN_BOOL_CONVERSION = YES;
				CLANG_WARN_COMMA = YES;
				CLANG_WARN_CONSTANT_CONVERSION = YES;
				CLANG_WARN_DEPRECATED_OBJC_IMPLEMENTATIONS = YES;
				CLANG_WARN_DIRECT_OBJC_ISA_USAGE = YES_ERROR;
				CLANG_WARN_DOCUMENTATION_COMMENTS = YES;
				CLANG_WARN_EMPTY_BODY = YES;
				CLANG_WARN_ENUM_CONVERSION = YES;
				CLANG_WARN_INFINITE_RECURSION = YES;
				CLANG_WARN_INT_CONVERSION = YES;
				CLANG_WARN_NON_LITERAL_NULL_CONVERSION = YES;
				CLANG_WARN_OBJC_IMPLICIT_RETAIN_SELF = YES;
				CLANG_WARN_OBJC_LITERAL_CONVERSION = YES;
				CLANG_WARN_OBJC_ROOT_CLASS = YES_ERROR;
				CLANG_WARN_QUOTED_INCLUDE_IN_FRAMEWORK_HEADER = YES;
				CLANG_WARN_RANGE_LOOP_ANALYSIS = YES;
				CLANG_WARN_STRICT_PROTOTYPES = YES;
				CLANG_WARN_SUSPICIOUS_MOVE = YES;
				CLANG_WARN_UNGUARDED_AVAILABILITY = YES_AGGRESSIVE;
				CLANG_WARN_UNREACHABLE_CODE = YES;
				CLANG_WARN__DUPLICATE_METHOD_MATCH = YES;
				COPY_PHASE_STRIP = NO;
				DEBUG_INFORMATION_FORMAT = dwarf;
				ENABLE_STRICT_OBJC_MSGSEND = YES;
				ENABLE_TESTABILITY = YES;
				ENABLE_USER_SCRIPT_SANDBOXING = NO;
				GCC_C_LANGUAGE_STANDARD = gnu17;
				GCC_DYNAMIC_NO_PIC = NO;
				GCC_NO_COMMON_BLOCKS = YES;
				GCC_OPTIMIZATION_LEVEL = 0;
				GCC_PREPROCESSOR_DEFINITIONS = (
					"DEBUG=1",
					"$(inherited)",
				);
				GCC_WARN_64_TO_32_BIT_CONVERSION = YES;
				GCC_WARN_ABOUT_RETURN_TYPE = YES_ERROR;
				GCC_WARN_UNDECLARED_SELECTOR = YES;
				GCC_WARN_UNINITIALIZED_AUTOS = YES_AGGRESSIVE;
				GCC_WARN_UNUSED_FUNCTION = YES;
				GCC_WARN_UNUSED_VARIABLE = YES;
				IPHONEOS_DEPLOYMENT_TARGET = 16.0;
				LOCALIZATION_PREFERS_STRING_CATALOGS = YES;
				MTL_ENABLE_DEBUG_INFO = INCLUDE_SOURCE;
				MTL_FAST_MATH = YES;
				ONLY_ACTIVE_ARCH = YES;
				SDKROOT = iphoneos;
				SWIFT_ACTIVE_COMPILATION_CONDITIONS = "DEBUG $(inherited)";
				SWIFT_OPTIMIZATION_LEVEL = "-Onone";
			};
			name = Debug;
		};
		789454ED2BEF75000058BEBD /* Release */ = {
			isa = XCBuildConfiguration;
			buildSettings = {
				ALWAYS_SEARCH_USER_PATHS = NO;
				ASSETCATALOG_COMPILER_GENERATE_SWIFT_ASSET_SYMBOL_EXTENSIONS = YES;
				CLANG_ANALYZER_LOCALIZABILITY_NONLOCALIZED = YES;
				CLANG_ANALYZER_NONNULL = YES;
				CLANG_ANALYZER_NUMBER_OBJECT_CONVERSION = YES_AGGRESSIVE;
				CLANG_CXX_LANGUAGE_STANDARD = "gnu++20";
				CLANG_ENABLE_MODULES = YES;
				CLANG_ENABLE_OBJC_ARC = YES;
				CLANG_ENABLE_OBJC_WEAK = YES;
				CLANG_WARN_BLOCK_CAPTURE_AUTORELEASING = YES;
				CLANG_WARN_BOOL_CONVERSION = YES;
				CLANG_WARN_COMMA = YES;
				CLANG_WARN_CONSTANT_CONVERSION = YES;
				CLANG_WARN_DEPRECATED_OBJC_IMPLEMENTATIONS = YES;
				CLANG_WARN_DIRECT_OBJC_ISA_USAGE = YES_ERROR;
				CLANG_WARN_DOCUMENTATION_COMMENTS = YES;
				CLANG_WARN_EMPTY_BODY = YES;
				CLANG_WARN_ENUM_CONVERSION = YES;
				CLANG_WARN_INFINITE_RECURSION = YES;
				CLANG_WARN_INT_CONVERSION = YES;
				CLANG_WARN_NON_LITERAL_NULL_CONVERSION = YES;
				CLANG_WARN_OBJC_IMPLICIT_RETAIN_SELF = YES;
				CLANG_WARN_OBJC_LITERAL_CONVERSION = YES;
				CLANG_WARN_OBJC_ROOT_CLASS = YES_ERROR;
				CLANG_WARN_QUOTED_INCLUDE_IN_FRAMEWORK_HEADER = YES;
				CLANG_WARN_RANGE_LOOP_ANALYSIS = YES;
				CLANG_WARN_STRICT_PROTOTYPES = YES;
				CLANG_WARN_SUSPICIOUS_MOVE = YES;
				CLANG_WARN_UNGUARDED_AVAILABILITY = YES_AGGRESSIVE;
				CLANG_WARN_UNREACHABLE_CODE = YES;
				CLANG_WARN__DUPLICATE_METHOD_MATCH = YES;
				COPY_PHASE_STRIP = NO;
				DEBUG_INFORMATION_FORMAT = "dwarf-with-dsym";
				ENABLE_NS_ASSERTIONS = NO;
				ENABLE_STRICT_OBJC_MSGSEND = YES;
				ENABLE_USER_SCRIPT_SANDBOXING = NO;
				GCC_C_LANGUAGE_STANDARD = gnu17;
				GCC_NO_COMMON_BLOCKS = YES;
				GCC_WARN_64_TO_32_BIT_CONVERSION = YES;
				GCC_WARN_ABOUT_RETURN_TYPE = YES_ERROR;
				GCC_WARN_UNDECLARED_SELECTOR = YES;
				GCC_WARN_UNINITIALIZED_AUTOS = YES_AGGRESSIVE;
				GCC_WARN_UNUSED_FUNCTION = YES;
				GCC_WARN_UNUSED_VARIABLE = YES;
				IPHONEOS_DEPLOYMENT_TARGET = 16.0;
				LOCALIZATION_PREFERS_STRING_CATALOGS = YES;
				MTL_ENABLE_DEBUG_INFO = NO;
				MTL_FAST_MATH = YES;
				SDKROOT = iphoneos;
				SWIFT_COMPILATION_MODE = wholemodule;
				VALIDATE_PRODUCT = YES;
			};
			name = Release;
		};
		789454EF2BEF75000058BEBD /* Debug */ = {
			isa = XCBuildConfiguration;
			baseConfigurationReference = 79FA2189C5742DE8AE59FBC8 /* Pods-temp-diff.debug.xcconfig */;
			buildSettings = {
				ASSETCATALOG_COMPILER_APPICON_NAME = AppIcon;
				ASSETCATALOG_COMPILER_GLOBAL_ACCENT_COLOR_NAME = AccentColor;
				CODE_SIGN_ENTITLEMENTS = "temp-diff/temp-diff.entitlements";
				"CODE_SIGN_IDENTITY[sdk=iphoneos*]" = "iPhone Developer";
				CODE_SIGN_STYLE = Manual;
				CURRENT_PROJECT_VERSION = 6;
				DEVELOPMENT_ASSET_PATHS = "\"temp-diff/Preview Content\"";
				DEVELOPMENT_TEAM = "";
				"DEVELOPMENT_TEAM[sdk=iphoneos*]" = Z4N8AJF7BQ;
				ENABLE_PREVIEWS = YES;
				ENABLE_USER_SCRIPT_SANDBOXING = NO;
				GENERATE_INFOPLIST_FILE = YES;
				INFOPLIST_FILE = "temp-diff/Info.plist";
				INFOPLIST_KEY_LSApplicationCategoryType = "public.app-category.weather";
				INFOPLIST_KEY_NSLocationWhenInUseUsageDescription = "Your location data is used to provide weather information for your area.";
				INFOPLIST_KEY_UIApplicationSceneManifest_Generation = YES;
				INFOPLIST_KEY_UIApplicationSupportsIndirectInputEvents = YES;
				INFOPLIST_KEY_UILaunchScreen_Generation = YES;
				INFOPLIST_KEY_UIRequiresFullScreen = YES;
				INFOPLIST_KEY_UISupportedInterfaceOrientations_iPhone = "UIInterfaceOrientationPortrait UIInterfaceOrientationLandscapeLeft UIInterfaceOrientationLandscapeRight";
				LD_RUNPATH_SEARCH_PATHS = (
					"$(inherited)",
					"@executable_path/Frameworks",
				);
				MARKETING_VERSION = 1.1.3;
				PRODUCT_BUNDLE_IDENTIFIER = "com.yudle-yudle.yesterday-weather-app";
				PRODUCT_NAME = "$(TARGET_NAME)";
				PROVISIONING_PROFILE_SPECIFIER = "";
				"PROVISIONING_PROFILE_SPECIFIER[sdk=iphoneos*]" = "yesterday-weather-app";
				SUPPORTED_PLATFORMS = "iphoneos iphonesimulator";
				SUPPORTS_MACCATALYST = NO;
				SUPPORTS_MAC_DESIGNED_FOR_IPHONE_IPAD = NO;
				SUPPORTS_XR_DESIGNED_FOR_IPHONE_IPAD = NO;
				SWIFT_EMIT_LOC_STRINGS = YES;
				SWIFT_VERSION = 5.0;
				TARGETED_DEVICE_FAMILY = "1,2";
			};
			name = Debug;
		};
		789454F02BEF75000058BEBD /* Release */ = {
			isa = XCBuildConfiguration;
			baseConfigurationReference = A6B655BCDD72A79EA3B0CAE7 /* Pods-temp-diff.release.xcconfig */;
			buildSettings = {
				ASSETCATALOG_COMPILER_APPICON_NAME = AppIcon;
				ASSETCATALOG_COMPILER_GLOBAL_ACCENT_COLOR_NAME = AccentColor;
				CODE_SIGN_ENTITLEMENTS = "temp-diff/temp-diff.entitlements";
				"CODE_SIGN_IDENTITY[sdk=iphoneos*]" = "iPhone Developer";
				CODE_SIGN_STYLE = Manual;
				CURRENT_PROJECT_VERSION = 6;
				DEVELOPMENT_ASSET_PATHS = "\"temp-diff/Preview Content\"";
				DEVELOPMENT_TEAM = "";
				"DEVELOPMENT_TEAM[sdk=iphoneos*]" = Z4N8AJF7BQ;
				ENABLE_PREVIEWS = YES;
				ENABLE_USER_SCRIPT_SANDBOXING = NO;
				GENERATE_INFOPLIST_FILE = YES;
				INFOPLIST_FILE = "temp-diff/Info.plist";
				INFOPLIST_KEY_LSApplicationCategoryType = "public.app-category.weather";
				INFOPLIST_KEY_NSLocationWhenInUseUsageDescription = "Your location data is used to provide weather information for your area.";
				INFOPLIST_KEY_UIApplicationSceneManifest_Generation = YES;
				INFOPLIST_KEY_UIApplicationSupportsIndirectInputEvents = YES;
				INFOPLIST_KEY_UILaunchScreen_Generation = YES;
				INFOPLIST_KEY_UIRequiresFullScreen = YES;
				INFOPLIST_KEY_UISupportedInterfaceOrientations_iPhone = "UIInterfaceOrientationPortrait UIInterfaceOrientationLandscapeLeft UIInterfaceOrientationLandscapeRight";
				LD_RUNPATH_SEARCH_PATHS = (
					"$(inherited)",
					"@executable_path/Frameworks",
				);
				MARKETING_VERSION = 1.1.3;
				PRODUCT_BUNDLE_IDENTIFIER = "com.yudle-yudle.yesterday-weather-app";
				PRODUCT_NAME = "$(TARGET_NAME)";
				PROVISIONING_PROFILE_SPECIFIER = "";
				"PROVISIONING_PROFILE_SPECIFIER[sdk=iphoneos*]" = "yesterday-weather-app";
				SUPPORTED_PLATFORMS = "iphoneos iphonesimulator";
				SUPPORTS_MACCATALYST = NO;
				SUPPORTS_MAC_DESIGNED_FOR_IPHONE_IPAD = NO;
				SUPPORTS_XR_DESIGNED_FOR_IPHONE_IPAD = NO;
				SWIFT_EMIT_LOC_STRINGS = YES;
				SWIFT_VERSION = 5.0;
				TARGETED_DEVICE_FAMILY = "1,2";
			};
			name = Release;
		};
/* End XCBuildConfiguration section */

/* Begin XCConfigurationList section */
		789454DB2BEF74FE0058BEBD /* Build configuration list for PBXProject "temp-diff" */ = {
			isa = XCConfigurationList;
			buildConfigurations = (
				789454EC2BEF75000058BEBD /* Debug */,
				789454ED2BEF75000058BEBD /* Release */,
			);
			defaultConfigurationIsVisible = 0;
			defaultConfigurationName = Release;
		};
		789454EE2BEF75000058BEBD /* Build configuration list for PBXNativeTarget "temp-diff" */ = {
			isa = XCConfigurationList;
			buildConfigurations = (
				789454EF2BEF75000058BEBD /* Debug */,
				789454F02BEF75000058BEBD /* Release */,
			);
			defaultConfigurationIsVisible = 0;
			defaultConfigurationName = Release;
		};
/* End XCConfigurationList section */
	};
	rootObject = 789454D82BEF74FE0058BEBD /* Project object */;
}
