// !$*UTF8*$!
{
	archiveVersion = 1;
	classes = {
	};
	objectVersion = 56;
	objects = {

/* Begin PBXBuildFile section */
		78A17A312BEF62DA001588DC /* ContentView.swift in Sources */ = {isa = PBXBuildFile; fileRef = 78A17A302BEF62DA001588DC /* ContentView.swift */; };
		78A17A332BEF62DC001588DC /* Assets.xcassets in Resources */ = {isa = PBXBuildFile; fileRef = 78A17A322BEF62DC001588DC /* Assets.xcassets */; };
		78A17A362BEF62DC001588DC /* Preview Assets.xcassets in Resources */ = {isa = PBXBuildFile; fileRef = 78A17A352BEF62DC001588DC /* Preview Assets.xcassets */; };
		78A17A5F2BEF64B9001588DC /* TopBarView.swift in Sources */ = {isa = PBXBuildFile; fileRef = 78A17A5E2BEF64B9001588DC /* TopBarView.swift */; };
		78A17A612BEF64EB001588DC /* CurrentTempView.swift in Sources */ = {isa = PBXBuildFile; fileRef = 78A17A602BEF64EB001588DC /* CurrentTempView.swift */; };
		78A17A632BEF650B001588DC /* WeatherIndicatorView.swift in Sources */ = {isa = PBXBuildFile; fileRef = 78A17A622BEF650B001588DC /* WeatherIndicatorView.swift */; };
		78A17A652BEF6528001588DC /* HourlyForecastScrollView.swift in Sources */ = {isa = PBXBuildFile; fileRef = 78A17A642BEF6528001588DC /* HourlyForecastScrollView.swift */; };
		78A17A672BEF654B001588DC /* AdView.swift in Sources */ = {isa = PBXBuildFile; fileRef = 78A17A662BEF654B001588DC /* AdView.swift */; };
		78A17A6D2BEF65EF001588DC /* LocationDataManager.swift in Sources */ = {isa = PBXBuildFile; fileRef = 78A17A6C2BEF65EF001588DC /* LocationDataManager.swift */; };
		78A17A6F2BEF661C001588DC /* WeatherForecast.swift in Sources */ = {isa = PBXBuildFile; fileRef = 78A17A6E2BEF661C001588DC /* WeatherForecast.swift */; };
		78A17A712BEF663A001588DC /* WeatherInfo.swift in Sources */ = {isa = PBXBuildFile; fileRef = 78A17A702BEF663A001588DC /* WeatherInfo.swift */; };
		78A17A732BEF665B001588DC /* WeatherKitManager.swift in Sources */ = {isa = PBXBuildFile; fileRef = 78A17A722BEF665B001588DC /* WeatherKitManager.swift */; };
/* End PBXBuildFile section */

/* Begin PBXFileReference section */
		78A17A2B2BEF62DA001588DC /* Temp diff.app */ = {isa = PBXFileReference; explicitFileType = wrapper.application; includeInIndex = 0; path = "Temp diff.app"; sourceTree = BUILT_PRODUCTS_DIR; };
		78A17A302BEF62DA001588DC /* ContentView.swift */ = {isa = PBXFileReference; lastKnownFileType = sourcecode.swift; path = ContentView.swift; sourceTree = "<group>"; };
		78A17A322BEF62DC001588DC /* Assets.xcassets */ = {isa = PBXFileReference; lastKnownFileType = folder.assetcatalog; path = Assets.xcassets; sourceTree = "<group>"; };
		78A17A352BEF62DC001588DC /* Preview Assets.xcassets */ = {isa = PBXFileReference; lastKnownFileType = folder.assetcatalog; path = "Preview Assets.xcassets"; sourceTree = "<group>"; };
		78A17A5E2BEF64B9001588DC /* TopBarView.swift */ = {isa = PBXFileReference; lastKnownFileType = sourcecode.swift; path = TopBarView.swift; sourceTree = "<group>"; };
		78A17A602BEF64EB001588DC /* CurrentTempView.swift */ = {isa = PBXFileReference; lastKnownFileType = sourcecode.swift; path = CurrentTempView.swift; sourceTree = "<group>"; };
		78A17A622BEF650B001588DC /* WeatherIndicatorView.swift */ = {isa = PBXFileReference; lastKnownFileType = sourcecode.swift; path = WeatherIndicatorView.swift; sourceTree = "<group>"; };
		78A17A642BEF6528001588DC /* HourlyForecastScrollView.swift */ = {isa = PBXFileReference; lastKnownFileType = sourcecode.swift; path = HourlyForecastScrollView.swift; sourceTree = "<group>"; };
		78A17A662BEF654B001588DC /* AdView.swift */ = {isa = PBXFileReference; lastKnownFileType = sourcecode.swift; path = AdView.swift; sourceTree = "<group>"; };
		78A17A6C2BEF65EF001588DC /* LocationDataManager.swift */ = {isa = PBXFileReference; lastKnownFileType = sourcecode.swift; path = LocationDataManager.swift; sourceTree = "<group>"; };
		78A17A6E2BEF661C001588DC /* WeatherForecast.swift */ = {isa = PBXFileReference; lastKnownFileType = sourcecode.swift; path = WeatherForecast.swift; sourceTree = "<group>"; };
		78A17A702BEF663A001588DC /* WeatherInfo.swift */ = {isa = PBXFileReference; lastKnownFileType = sourcecode.swift; path = WeatherInfo.swift; sourceTree = "<group>"; };
		78A17A722BEF665B001588DC /* WeatherKitManager.swift */ = {isa = PBXFileReference; lastKnownFileType = sourcecode.swift; path = WeatherKitManager.swift; sourceTree = "<group>"; };
/* End PBXFileReference section */

/* Begin PBXFrameworksBuildPhase section */
		78A17A282BEF62DA001588DC /* Frameworks */ = {
			isa = PBXFrameworksBuildPhase;
			buildActionMask = 2147483647;
			files = (
			);
			runOnlyForDeploymentPostprocessing = 0;
		};
/* End PBXFrameworksBuildPhase section */

/* Begin PBXGroup section */
		78A17A222BEF62DA001588DC = {
			isa = PBXGroup;
			children = (
				78A17A2D2BEF62DA001588DC /* Temp diff */,
				78A17A2C2BEF62DA001588DC /* Products */,
			);
			sourceTree = "<group>";
		};
		78A17A2C2BEF62DA001588DC /* Products */ = {
			isa = PBXGroup;
			children = (
				78A17A2B2BEF62DA001588DC /* Temp diff.app */,
			);
			name = Products;
			sourceTree = "<group>";
		};
		78A17A2D2BEF62DA001588DC /* Temp diff */ = {
			isa = PBXGroup;
			children = (
				78A17A692BEF65B5001588DC /* controllers */,
				78A17A682BEF657E001588DC /* type */,
				78A17A5C2BEF6498001588DC /* view */,
				78A17A302BEF62DA001588DC /* ContentView.swift */,
				78A17A322BEF62DC001588DC /* Assets.xcassets */,
				78A17A342BEF62DC001588DC /* Preview Content */,
			);
			path = "Temp diff";
			sourceTree = "<group>";
		};
		78A17A342BEF62DC001588DC /* Preview Content */ = {
			isa = PBXGroup;
			children = (
				78A17A352BEF62DC001588DC /* Preview Assets.xcassets */,
			);
			path = "Preview Content";
			sourceTree = "<group>";
		};
		78A17A5C2BEF6498001588DC /* view */ = {
			isa = PBXGroup;
			children = (
				78A17A5E2BEF64B9001588DC /* TopBarView.swift */,
				78A17A602BEF64EB001588DC /* CurrentTempView.swift */,
				78A17A622BEF650B001588DC /* WeatherIndicatorView.swift */,
				78A17A642BEF6528001588DC /* HourlyForecastScrollView.swift */,
				78A17A662BEF654B001588DC /* AdView.swift */,
			);
			name = view;
			sourceTree = "<group>";
		};
		78A17A682BEF657E001588DC /* type */ = {
			isa = PBXGroup;
			children = (
				78A17A6E2BEF661C001588DC /* WeatherForecast.swift */,
				78A17A702BEF663A001588DC /* WeatherInfo.swift */,
			);
			path = type;
			sourceTree = "<group>";
		};
		78A17A692BEF65B5001588DC /* controllers */ = {
			isa = PBXGroup;
			children = (
				78A17A6C2BEF65EF001588DC /* LocationDataManager.swift */,
				78A17A722BEF665B001588DC /* WeatherKitManager.swift */,
			);
			path = controllers;
			sourceTree = "<group>";
		};
/* End PBXGroup section */

/* Begin PBXNativeTarget section */
		78A17A2A2BEF62DA001588DC /* Temp diff */ = {
			isa = PBXNativeTarget;
			buildConfigurationList = 78A17A392BEF62DC001588DC /* Build configuration list for PBXNativeTarget "Temp diff" */;
			buildPhases = (
				78A17A272BEF62DA001588DC /* Sources */,
				78A17A282BEF62DA001588DC /* Frameworks */,
				78A17A292BEF62DA001588DC /* Resources */,
			);
			buildRules = (
			);
			dependencies = (
			);
			name = "Temp diff";
			productName = "Temp diff";
			productReference = 78A17A2B2BEF62DA001588DC /* Temp diff.app */;
			productType = "com.apple.product-type.application";
		};
/* End PBXNativeTarget section */

/* Begin PBXProject section */
		78A17A232BEF62DA001588DC /* Project object */ = {
			isa = PBXProject;
			attributes = {
				BuildIndependentTargetsInParallel = 1;
				LastSwiftUpdateCheck = 1530;
				LastUpgradeCheck = 1530;
				TargetAttributes = {
					78A17A2A2BEF62DA001588DC = {
						CreatedOnToolsVersion = 15.3;
					};
				};
			};
			buildConfigurationList = 78A17A262BEF62DA001588DC /* Build configuration list for PBXProject "Temp diff" */;
			compatibilityVersion = "Xcode 14.0";
			developmentRegion = en;
			hasScannedForEncodings = 0;
			knownRegions = (
				en,
				Base,
				ko,
			);
			mainGroup = 78A17A222BEF62DA001588DC;
			productRefGroup = 78A17A2C2BEF62DA001588DC /* Products */;
			projectDirPath = "";
			projectRoot = "";
			targets = (
				78A17A2A2BEF62DA001588DC /* Temp diff */,
			);
		};
/* End PBXProject section */

/* Begin PBXResourcesBuildPhase section */
		78A17A292BEF62DA001588DC /* Resources */ = {
			isa = PBXResourcesBuildPhase;
			buildActionMask = 2147483647;
			files = (
				78A17A362BEF62DC001588DC /* Preview Assets.xcassets in Resources */,
				78A17A332BEF62DC001588DC /* Assets.xcassets in Resources */,
			);
			runOnlyForDeploymentPostprocessing = 0;
		};
/* End PBXResourcesBuildPhase section */

/* Begin PBXSourcesBuildPhase section */
		78A17A272BEF62DA001588DC /* Sources */ = {
			isa = PBXSourcesBuildPhase;
			buildActionMask = 2147483647;
			files = (
				78A17A6D2BEF65EF001588DC /* LocationDataManager.swift in Sources */,
				78A17A5F2BEF64B9001588DC /* TopBarView.swift in Sources */,
				78A17A632BEF650B001588DC /* WeatherIndicatorView.swift in Sources */,
				78A17A312BEF62DA001588DC /* ContentView.swift in Sources */,
				78A17A672BEF654B001588DC /* AdView.swift in Sources */,
				78A17A652BEF6528001588DC /* HourlyForecastScrollView.swift in Sources */,
				78A17A612BEF64EB001588DC /* CurrentTempView.swift in Sources */,
				78A17A6F2BEF661C001588DC /* WeatherForecast.swift in Sources */,
				78A17A712BEF663A001588DC /* WeatherInfo.swift in Sources */,
				78A17A732BEF665B001588DC /* WeatherKitManager.swift in Sources */,
			);
			runOnlyForDeploymentPostprocessing = 0;
		};
/* End PBXSourcesBuildPhase section */

/* Begin XCBuildConfiguration section */
		78A17A372BEF62DC001588DC /* Debug */ = {
			isa = XCBuildConfiguration;
			buildSettings = {
				ALWAYS_SEARCH_USER_PATHS = NO;
				ASSETCATALOG_COMPILER_GENERATE_SWIFT_ASSET_SYMBOL_EXTENSIONS = YES;
				CLANG_ANALYZER_NONNULL = YES;
				CLANG_ANALYZER_NUMBER_OBJECT_CONVERSION = YES_AGGRESSIVE;
				CLANG_CXX_LANGUAGE_STANDARD = "gnu++20";
				CLANG_ENABLE_MODULES = YES;
				CLANG_ENABLE_OBJC_ARC = YES;
				CLANG_ENABLE_OBJC_WEAK = YES;
				CLANG_WARN_BLOCK_CAPTURE_AUTORELEASING = YES;
				CLANG_WARN_BOOL_CONVERSION = YES;
				CLANG_WARN_COMMA = YES;
				CLANG_WARN_CONSTANT_CONVERSION = YES;
				CLANG_WARN_DEPRECATED_OBJC_IMPLEMENTATIONS = YES;
				CLANG_WARN_DIRECT_OBJC_ISA_USAGE = YES_ERROR;
				CLANG_WARN_DOCUMENTATION_COMMENTS = YES;
				CLANG_WARN_EMPTY_BODY = YES;
				CLANG_WARN_ENUM_CONVERSION = YES;
				CLANG_WARN_INFINITE_RECURSION = YES;
				CLANG_WARN_INT_CONVERSION = YES;
				CLANG_WARN_NON_LITERAL_NULL_CONVERSION = YES;
				CLANG_WARN_OBJC_IMPLICIT_RETAIN_SELF = YES;
				CLANG_WARN_OBJC_LITERAL_CONVERSION = YES;
				CLANG_WARN_OBJC_ROOT_CLASS = YES_ERROR;
				CLANG_WARN_QUOTED_INCLUDE_IN_FRAMEWORK_HEADER = YES;
				CLANG_WARN_RANGE_LOOP_ANALYSIS = YES;
				CLANG_WARN_STRICT_PROTOTYPES = YES;
				CLANG_WARN_SUSPICIOUS_MOVE = YES;
				CLANG_WARN_UNGUARDED_AVAILABILITY = YES_AGGRESSIVE;
				CLANG_WARN_UNREACHABLE_CODE = YES;
				CLANG_WARN__DUPLICATE_METHOD_MATCH = YES;
				COPY_PHASE_STRIP = NO;
				DEBUG_INFORMATION_FORMAT = dwarf;
				ENABLE_STRICT_OBJC_MSGSEND = YES;
				ENABLE_TESTABILITY = YES;
				ENABLE_USER_SCRIPT_SANDBOXING = YES;
				GCC_C_LANGUAGE_STANDARD = gnu17;
				GCC_DYNAMIC_NO_PIC = NO;
				GCC_NO_COMMON_BLOCKS = YES;
				GCC_OPTIMIZATION_LEVEL = 0;
				GCC_PREPROCESSOR_DEFINITIONS = (
					"DEBUG=1",
					"$(inherited)",
				);
				GCC_WARN_64_TO_32_BIT_CONVERSION = YES;
				GCC_WARN_ABOUT_RETURN_TYPE = YES_ERROR;
				GCC_WARN_UNDECLARED_SELECTOR = YES;
				GCC_WARN_UNINITIALIZED_AUTOS = YES_AGGRESSIVE;
				GCC_WARN_UNUSED_FUNCTION = YES;
				GCC_WARN_UNUSED_VARIABLE = YES;
				IPHONEOS_DEPLOYMENT_TARGET = 17.4;
				LOCALIZATION_PREFERS_STRING_CATALOGS = YES;
				MTL_ENABLE_DEBUG_INFO = INCLUDE_SOURCE;
				MTL_FAST_MATH = YES;
				ONLY_ACTIVE_ARCH = YES;
				SDKROOT = iphoneos;
				SWIFT_ACTIVE_COMPILATION_CONDITIONS = "DEBUG $(inherited)";
				SWIFT_OPTIMIZATION_LEVEL = "-Onone";
			};
			name = Debug;
		};
		78A17A382BEF62DC001588DC /* Release */ = {
			isa = XCBuildConfiguration;
			buildSettings = {
				ALWAYS_SEARCH_USER_PATHS = NO;
				ASSETCATALOG_COMPILER_GENERATE_SWIFT_ASSET_SYMBOL_EXTENSIONS = YES;
				CLANG_ANALYZER_NONNULL = YES;
				CLANG_ANALYZER_NUMBER_OBJECT_CONVERSION = YES_AGGRESSIVE;
				CLANG_CXX_LANGUAGE_STANDARD = "gnu++20";
				CLANG_ENABLE_MODULES = YES;
				CLANG_ENABLE_OBJC_ARC = YES;
				CLANG_ENABLE_OBJC_WEAK = YES;
				CLANG_WARN_BLOCK_CAPTURE_AUTORELEASING = YES;
				CLANG_WARN_BOOL_CONVERSION = YES;
				CLANG_WARN_COMMA = YES;
				CLANG_WARN_CONSTANT_CONVERSION = YES;
				CLANG_WARN_DEPRECATED_OBJC_IMPLEMENTATIONS = YES;
				CLANG_WARN_DIRECT_OBJC_ISA_USAGE = YES_ERROR;
				CLANG_WARN_DOCUMENTATION_COMMENTS = YES;
				CLANG_WARN_EMPTY_BODY = YES;
				CLANG_WARN_ENUM_CONVERSION = YES;
				CLANG_WARN_INFINITE_RECURSION = YES;
				CLANG_WARN_INT_CONVERSION = YES;
				CLANG_WARN_NON_LITERAL_NULL_CONVERSION = YES;
				CLANG_WARN_OBJC_IMPLICIT_RETAIN_SELF = YES;
				CLANG_WARN_OBJC_LITERAL_CONVERSION = YES;
				CLANG_WARN_OBJC_ROOT_CLASS = YES_ERROR;
				CLANG_WARN_QUOTED_INCLUDE_IN_FRAMEWORK_HEADER = YES;
				CLANG_WARN_RANGE_LOOP_ANALYSIS = YES;
				CLANG_WARN_STRICT_PROTOTYPES = YES;
				CLANG_WARN_SUSPICIOUS_MOVE = YES;
				CLANG_WARN_UNGUARDED_AVAILABILITY = YES_AGGRESSIVE;
				CLANG_WARN_UNREACHABLE_CODE = YES;
				CLANG_WARN__DUPLICATE_METHOD_MATCH = YES;
				COPY_PHASE_STRIP = NO;
				DEBUG_INFORMATION_FORMAT = "dwarf-with-dsym";
				ENABLE_NS_ASSERTIONS = NO;
				ENABLE_STRICT_OBJC_MSGSEND = YES;
				ENABLE_USER_SCRIPT_SANDBOXING = YES;
				GCC_C_LANGUAGE_STANDARD = gnu17;
				GCC_NO_COMMON_BLOCKS = YES;
				GCC_WARN_64_TO_32_BIT_CONVERSION = YES;
				GCC_WARN_ABOUT_RETURN_TYPE = YES_ERROR;
				GCC_WARN_UNDECLARED_SELECTOR = YES;
				GCC_WARN_UNINITIALIZED_AUTOS = YES_AGGRESSIVE;
				GCC_WARN_UNUSED_FUNCTION = YES;
				GCC_WARN_UNUSED_VARIABLE = YES;
				IPHONEOS_DEPLOYMENT_TARGET = 17.4;
				LOCALIZATION_PREFERS_STRING_CATALOGS = YES;
				MTL_ENABLE_DEBUG_INFO = NO;
				MTL_FAST_MATH = YES;
				SDKROOT = iphoneos;
				SWIFT_COMPILATION_MODE = wholemodule;
				VALIDATE_PRODUCT = YES;
			};
			name = Release;
		};
		78A17A3A2BEF62DC001588DC /* Debug */ = {
			isa = XCBuildConfiguration;
			buildSettings = {
				ASSETCATALOG_COMPILER_APPICON_NAME = AppIcon;
				ASSETCATALOG_COMPILER_GLOBAL_ACCENT_COLOR_NAME = AccentColor;
				CODE_SIGN_STYLE = Automatic;
				CURRENT_PROJECT_VERSION = 1;
				DEVELOPMENT_ASSET_PATHS = "\"Temp diff/Preview Content\"";
				DEVELOPMENT_TEAM = Z4N8AJF7BQ;
				ENABLE_PREVIEWS = YES;
				GENERATE_INFOPLIST_FILE = YES;
				INFOPLIST_KEY_UIApplicationSceneManifest_Generation = YES;
				INFOPLIST_KEY_UIApplicationSupportsIndirectInputEvents = YES;
				INFOPLIST_KEY_UILaunchScreen_Generation = YES;
				INFOPLIST_KEY_UISupportedInterfaceOrientations_iPad = "UIInterfaceOrientationPortrait UIInterfaceOrientationPortraitUpsideDown UIInterfaceOrientationLandscapeLeft UIInterfaceOrientationLandscapeRight";
				INFOPLIST_KEY_UISupportedInterfaceOrientations_iPhone = "UIInterfaceOrientationPortrait UIInterfaceOrientationLandscapeLeft UIInterfaceOrientationLandscapeRight";
				LD_RUNPATH_SEARCH_PATHS = (
					"$(inherited)",
					"@executable_path/Frameworks",
				);
				MARKETING_VERSION = 1.0;
				PRODUCT_BUNDLE_IDENTIFIER = "com.yudle-yudle.Temp-diff";
				PRODUCT_NAME = "$(TARGET_NAME)";
				SWIFT_EMIT_LOC_STRINGS = YES;
				SWIFT_VERSION = 5.0;
				TARGETED_DEVICE_FAMILY = "1,2";
			};
			name = Debug;
		};
		78A17A3B2BEF62DC001588DC /* Release */ = {
			isa = XCBuildConfiguration;
			buildSettings = {
				ASSETCATALOG_COMPILER_APPICON_NAME = AppIcon;
				ASSETCATALOG_COMPILER_GLOBAL_ACCENT_COLOR_NAME = AccentColor;
				CODE_SIGN_STYLE = Automatic;
				CURRENT_PROJECT_VERSION = 1;
				DEVELOPMENT_ASSET_PATHS = "\"Temp diff/Preview Content\"";
				DEVELOPMENT_TEAM = Z4N8AJF7BQ;
				ENABLE_PREVIEWS = YES;
				GENERATE_INFOPLIST_FILE = YES;
				INFOPLIST_KEY_UIApplicationSceneManifest_Generation = YES;
				INFOPLIST_KEY_UIApplicationSupportsIndirectInputEvents = YES;
				INFOPLIST_KEY_UILaunchScreen_Generation = YES;
				INFOPLIST_KEY_UISupportedInterfaceOrientations_iPad = "UIInterfaceOrientationPortrait UIInterfaceOrientationPortraitUpsideDown UIInterfaceOrientationLandscapeLeft UIInterfaceOrientationLandscapeRight";
				INFOPLIST_KEY_UISupportedInterfaceOrientations_iPhone = "UIInterfaceOrientationPortrait UIInterfaceOrientationLandscapeLeft UIInterfaceOrientationLandscapeRight";
				LD_RUNPATH_SEARCH_PATHS = (
					"$(inherited)",
					"@executable_path/Frameworks",
				);
				MARKETING_VERSION = 1.0;
				PRODUCT_BUNDLE_IDENTIFIER = "com.yudle-yudle.Temp-diff";
				PRODUCT_NAME = "$(TARGET_NAME)";
				SWIFT_EMIT_LOC_STRINGS = YES;
				SWIFT_VERSION = 5.0;
				TARGETED_DEVICE_FAMILY = "1,2";
			};
			name = Release;
		};
/* End XCBuildConfiguration section */

/* Begin XCConfigurationList section */
		78A17A262BEF62DA001588DC /* Build configuration list for PBXProject "Temp diff" */ = {
			isa = XCConfigurationList;
			buildConfigurations = (
				78A17A372BEF62DC001588DC /* Debug */,
				78A17A382BEF62DC001588DC /* Release */,
			);
			defaultConfigurationIsVisible = 0;
			defaultConfigurationName = Release;
		};
		78A17A392BEF62DC001588DC /* Build configuration list for PBXNativeTarget "Temp diff" */ = {
			isa = XCConfigurationList;
			buildConfigurations = (
				78A17A3A2BEF62DC001588DC /* Debug */,
				78A17A3B2BEF62DC001588DC /* Release */,
			);
			defaultConfigurationIsVisible = 0;
			defaultConfigurationName = Release;
		};
/* End XCConfigurationList section */
	};
	rootObject = 78A17A232BEF62DA001588DC /* Project object */;
}
